
Microsoft Visual Studio Solution File, Format Version 12.00
# Visual Studio Version 17
VisualStudioVersion = 17.5.33424.131
MinimumVisualStudioVersion = 10.0.40219.1
Project("{FAE04EC0-301F-11D3-BF4B-00C04F79EFBC}") = "WebPortal", "WebPortal\WebPortal.csproj", "{8F108EAA-1A71-47B3-8F14-566FE922F411}"
EndProject
Global
	GlobalSection(SolutionConfigurationPlatforms) = preSolution
		Debug|Any CPU = Debug|Any CPU
		Release|Any CPU = Release|Any CPU
	EndGlobalSection
	GlobalSection(ProjectConfigurationPlatforms) = postSolution
		{8F108EAA-1A71-47B3-8F14-566FE922F411}.Debug|Any CPU.ActiveCfg = Debug|Any CPU
		{8F108EAA-1A71-47B3-8F14-566FE922F411}.Debug|Any CPU.Build.0 = Debug|Any CPU
		{8F108EAA-1A71-47B3-8F14-566FE922F411}.Release|Any CPU.ActiveCfg = Release|Any CPU
		{8F108EAA-1A71-47B3-8F14-566FE922F411}.Release|Any CPU.Build.0 = Release|Any CPU
	EndGlobalSection
	GlobalSection(SolutionProperties) = preSolution
		HideSolutionNode = FALSE
	EndGlobalSection
	GlobalSection(ExtensibilityGlobals) = postSolution
		SolutionGuid = {89A1B325-A2E0-480A-B460-A11B8C2BA1B1}
	EndGlobalSection
EndGlobal
